
Microsoft Visual Studio Solution File, Format Version 12.00
# Visual Studio Version 17
VisualStudioVersion = 17.0.32112.339
MinimumVisualStudioVersion = 10.0.40219.1
Project("{9A19103F-16F7-4668-BE54-9A1E7A4F7556}") = "CommGate.Core", "CommGate.Core\CommGate.Core.csproj", "{17BEEB9A-5056-45FD-B48E-E3D72CCBCCAA}"
EndProject
Project("{9A19103F-16F7-4668-BE54-9A1E7A4F7556}") = "CommGate.Data", "CommGate.Data\CommGate.Data.csproj", "{1C4E10A0-DC89-420E-8F7C-F00FE700EE5B}"
EndProject
Project("{9A19103F-16F7-4668-BE54-9A1E7A4F7556}") = "CommGate.Service", "CommGate.Service\CommGate.Service.csproj", "{7A5260A1-8443-4565-8D56-D95D682393BB}"
EndProject
Project("{9A19103F-16F7-4668-BE54-9A1E7A4F7556}") = "CommGate.WebAPI", "CommGate.WebAPI\CommGate.WebAPI.csproj", "{ACD341E7-275F-45FC-A7F0-F523135CC83A}"
EndProject
Project("{9A19103F-16F7-4668-BE54-9A1E7A4F7556}") = "CommGate.Website", "CommGate.Website\CommGate.Website.csproj", "{AF10D60E-B2B0-46BA-9CDD-ABB89DCA9CE4}"
EndProject
Global
	GlobalSection(SolutionConfigurationPlatforms) = preSolution
		Debug|Any CPU = Debug|Any CPU
		Release|Any CPU = Release|Any CPU
	EndGlobalSection
	GlobalSection(ProjectConfigurationPlatforms) = postSolution
		{17BEEB9A-5056-45FD-B48E-E3D72CCBCCAA}.Debug|Any CPU.ActiveCfg = Debug|Any CPU
		{17BEEB9A-5056-45FD-B48E-E3D72CCBCCAA}.Debug|Any CPU.Build.0 = Debug|Any CPU
		{17BEEB9A-5056-45FD-B48E-E3D72CCBCCAA}.Release|Any CPU.ActiveCfg = Release|Any CPU
		{17BEEB9A-5056-45FD-B48E-E3D72CCBCCAA}.Release|Any CPU.Build.0 = Release|Any CPU
		{1C4E10A0-DC89-420E-8F7C-F00FE700EE5B}.Debug|Any CPU.ActiveCfg = Debug|Any CPU
		{1C4E10A0-DC89-420E-8F7C-F00FE700EE5B}.Debug|Any CPU.Build.0 = Debug|Any CPU
		{1C4E10A0-DC89-420E-8F7C-F00FE700EE5B}.Release|Any CPU.ActiveCfg = Release|Any CPU
		{1C4E10A0-DC89-420E-8F7C-F00FE700EE5B}.Release|Any CPU.Build.0 = Release|Any CPU
		{7A5260A1-8443-4565-8D56-D95D682393BB}.Debug|Any CPU.ActiveCfg = Debug|Any CPU
		{7A5260A1-8443-4565-8D56-D95D682393BB}.Debug|Any CPU.Build.0 = Debug|Any CPU
		{7A5260A1-8443-4565-8D56-D95D682393BB}.Release|Any CPU.ActiveCfg = Release|Any CPU
		{7A5260A1-8443-4565-8D56-D95D682393BB}.Release|Any CPU.Build.0 = Release|Any CPU
		{ACD341E7-275F-45FC-A7F0-F523135CC83A}.Debug|Any CPU.ActiveCfg = Debug|Any CPU
		{ACD341E7-275F-45FC-A7F0-F523135CC83A}.Debug|Any CPU.Build.0 = Debug|Any CPU
		{ACD341E7-275F-45FC-A7F0-F523135CC83A}.Release|Any CPU.ActiveCfg = Release|Any CPU
		{ACD341E7-275F-45FC-A7F0-F523135CC83A}.Release|Any CPU.Build.0 = Release|Any CPU
		{AF10D60E-B2B0-46BA-9CDD-ABB89DCA9CE4}.Debug|Any CPU.ActiveCfg = Debug|Any CPU
		{AF10D60E-B2B0-46BA-9CDD-ABB89DCA9CE4}.Debug|Any CPU.Build.0 = Debug|Any CPU
		{AF10D60E-B2B0-46BA-9CDD-ABB89DCA9CE4}.Release|Any CPU.ActiveCfg = Release|Any CPU
		{AF10D60E-B2B0-46BA-9CDD-ABB89DCA9CE4}.Release|Any CPU.Build.0 = Release|Any CPU
	EndGlobalSection
	GlobalSection(SolutionProperties) = preSolution
		HideSolutionNode = FALSE
	EndGlobalSection
	GlobalSection(ExtensibilityGlobals) = postSolution
		SolutionGuid = {2735B750-B254-4217-BB7F-AD0B3D876774}
	EndGlobalSection
EndGlobal
